
Microsoft Visual Studio Solution File, Format Version 12.00
# Visual Studio Version 16
VisualStudioVersion = 16.0.30621.155
MinimumVisualStudioVersion = 10.0.40219.1
Project("{9A19103F-16F7-4668-BE54-9A1E7A4F7556}") = "szosztar", "szosztar4\szosztar.csproj", "{00CDD0DB-D30C-4AA6-89AF-0EF7D2928F27}"
EndProject
Global
	GlobalSection(SolutionConfigurationPlatforms) = preSolution
		Debug|Any CPU = Debug|Any CPU
		Release|Any CPU = Release|Any CPU
	EndGlobalSection
	GlobalSection(ProjectConfigurationPlatforms) = postSolution
		{00CDD0DB-D30C-4AA6-89AF-0EF7D2928F27}.Debug|Any CPU.ActiveCfg = Debug|Any CPU
		{00CDD0DB-D30C-4AA6-89AF-0EF7D2928F27}.Debug|Any CPU.Build.0 = Debug|Any CPU
		{00CDD0DB-D30C-4AA6-89AF-0EF7D2928F27}.Release|Any CPU.ActiveCfg = Release|Any CPU
		{00CDD0DB-D30C-4AA6-89AF-0EF7D2928F27}.Release|Any CPU.Build.0 = Release|Any CPU
	EndGlobalSection
	GlobalSection(SolutionProperties) = preSolution
		HideSolutionNode = FALSE
	EndGlobalSection
	GlobalSection(ExtensibilityGlobals) = postSolution
		SolutionGuid = {39D40FF1-6593-40FC-AEB5-F1EC5D089A4B}
	EndGlobalSection
EndGlobal
